// !$*UTF8*$!
{
	archiveVersion = 1;
	classes = {
	};
	objectVersion = 52;
	objects = {

/* Begin PBXBuildFile section */
		B2005F4B24D819D300E829C7 /* PuzzleModel.swift in Sources */ = {isa = PBXBuildFile; fileRef = B2005F4A24D819D300E829C7 /* PuzzleModel.swift */; };
		B2005F4D24D81ECB00E829C7 /* ArrayExtension.swift in Sources */ = {isa = PBXBuildFile; fileRef = B2005F4C24D81ECB00E829C7 /* ArrayExtension.swift */; };
		B20D34FB25503E55008DC09E /* WinnerScreenViewController.swift in Sources */ = {isa = PBXBuildFile; fileRef = B20D34FA25503E55008DC09E /* WinnerScreenViewController.swift */; };
		B210072E24DD69BF003B3BC8 /* PuzzleLogic.swift in Sources */ = {isa = PBXBuildFile; fileRef = B210072D24DD69BF003B3BC8 /* PuzzleLogic.swift */; };
		B24E5D2A25371F9E00C9F681 /* Enums.swift in Sources */ = {isa = PBXBuildFile; fileRef = B24E5D2925371F9E00C9F681 /* Enums.swift */; };
		B26DBB2225A330320049A1B4 /* UIFont+Extension.swift in Sources */ = {isa = PBXBuildFile; fileRef = B26DBB2125A330320049A1B4 /* UIFont+Extension.swift */; };
		B26DBB2525A460090049A1B4 /* SettingsTableViewController.swift in Sources */ = {isa = PBXBuildFile; fileRef = B26DBB2425A460090049A1B4 /* SettingsTableViewController.swift */; };
		B270C1F724D2D8CE00BA297D /* AppDelegate.swift in Sources */ = {isa = PBXBuildFile; fileRef = B270C1F624D2D8CE00BA297D /* AppDelegate.swift */; };
		B270C1F924D2D8CE00BA297D /* SceneDelegate.swift in Sources */ = {isa = PBXBuildFile; fileRef = B270C1F824D2D8CE00BA297D /* SceneDelegate.swift */; };
		B270C1FB24D2D8CE00BA297D /* PuzzleViewController.swift in Sources */ = {isa = PBXBuildFile; fileRef = B270C1FA24D2D8CE00BA297D /* PuzzleViewController.swift */; };
		B270C1FE24D2D8CE00BA297D /* Main.storyboard in Resources */ = {isa = PBXBuildFile; fileRef = B270C1FC24D2D8CE00BA297D /* Main.storyboard */; };
		B270C20024D2D8CF00BA297D /* Assets.xcassets in Resources */ = {isa = PBXBuildFile; fileRef = B270C1FF24D2D8CF00BA297D /* Assets.xcassets */; };
		B270C20324D2D8CF00BA297D /* LaunchScreen.storyboard in Resources */ = {isa = PBXBuildFile; fileRef = B270C20124D2D8CF00BA297D /* LaunchScreen.storyboard */; };
		B270C20C24D2EDBD00BA297D /* SnapKit in Frameworks */ = {isa = PBXBuildFile; productRef = B270C20B24D2EDBD00BA297D /* SnapKit */; };
		B2B5C3972543205500656FA9 /* UIViewExtension.swift in Sources */ = {isa = PBXBuildFile; fileRef = B2B5C3962543205500656FA9 /* UIViewExtension.swift */; };
		B2C70BFC252CEF3900A4B2DD /* MainViewController.swift in Sources */ = {isa = PBXBuildFile; fileRef = B2C70BFB252CEF3900A4B2DD /* MainViewController.swift */; };
		B2E1F6322541AD91003DB4CF /* AIAttributedString.swift in Sources */ = {isa = PBXBuildFile; fileRef = B2E1F6312541AD91003DB4CF /* AIAttributedString.swift */; };
		B2E6F4AA24D4280700CE1917 /* StringExtension.swift in Sources */ = {isa = PBXBuildFile; fileRef = B2E6F4A924D4280700CE1917 /* StringExtension.swift */; };
		B2F0DF882551550100E8E3B0 /* UIViewControllerExtension.swift in Sources */ = {isa = PBXBuildFile; fileRef = B2F0DF872551550100E8E3B0 /* UIViewControllerExtension.swift */; };
		B2FEDF6325A8642F00EBD608 /* RxCocoa in Frameworks */ = {isa = PBXBuildFile; productRef = B2FEDF6225A8642F00EBD608 /* RxCocoa */; };
		B2FEDF6525A8642F00EBD608 /* RxSwift in Frameworks */ = {isa = PBXBuildFile; productRef = B2FEDF6425A8642F00EBD608 /* RxSwift */; };
/* End PBXBuildFile section */

/* Begin PBXFileReference section */
		B2005F4A24D819D300E829C7 /* PuzzleModel.swift */ = {isa = PBXFileReference; lastKnownFileType = sourcecode.swift; path = PuzzleModel.swift; sourceTree = "<group>"; };
		B2005F4C24D81ECB00E829C7 /* ArrayExtension.swift */ = {isa = PBXFileReference; lastKnownFileType = sourcecode.swift; path = ArrayExtension.swift; sourceTree = "<group>"; };
		B20D34FA25503E55008DC09E /* WinnerScreenViewController.swift */ = {isa = PBXFileReference; lastKnownFileType = sourcecode.swift; path = WinnerScreenViewController.swift; sourceTree = "<group>"; };
		B210072D24DD69BF003B3BC8 /* PuzzleLogic.swift */ = {isa = PBXFileReference; lastKnownFileType = sourcecode.swift; path = PuzzleLogic.swift; sourceTree = "<group>"; };
		B24E5D2925371F9E00C9F681 /* Enums.swift */ = {isa = PBXFileReference; lastKnownFileType = sourcecode.swift; path = Enums.swift; sourceTree = "<group>"; };
		B26DBB2125A330320049A1B4 /* UIFont+Extension.swift */ = {isa = PBXFileReference; lastKnownFileType = sourcecode.swift; path = "UIFont+Extension.swift"; sourceTree = "<group>"; };
		B26DBB2425A460090049A1B4 /* SettingsTableViewController.swift */ = {isa = PBXFileReference; lastKnownFileType = sourcecode.swift; path = SettingsTableViewController.swift; sourceTree = "<group>"; };
		B270C1F324D2D8CE00BA297D /* Logic Puzzle.app */ = {isa = PBXFileReference; explicitFileType = wrapper.application; includeInIndex = 0; path = "Logic Puzzle.app"; sourceTree = BUILT_PRODUCTS_DIR; };
		B270C1F624D2D8CE00BA297D /* AppDelegate.swift */ = {isa = PBXFileReference; lastKnownFileType = sourcecode.swift; path = AppDelegate.swift; sourceTree = "<group>"; };
		B270C1F824D2D8CE00BA297D /* SceneDelegate.swift */ = {isa = PBXFileReference; lastKnownFileType = sourcecode.swift; path = SceneDelegate.swift; sourceTree = "<group>"; };
		B270C1FA24D2D8CE00BA297D /* PuzzleViewController.swift */ = {isa = PBXFileReference; lastKnownFileType = sourcecode.swift; path = PuzzleViewController.swift; sourceTree = "<group>"; };
		B270C1FD24D2D8CE00BA297D /* Base */ = {isa = PBXFileReference; lastKnownFileType = file.storyboard; name = Base; path = Base.lproj/Main.storyboard; sourceTree = "<group>"; };
		B270C1FF24D2D8CF00BA297D /* Assets.xcassets */ = {isa = PBXFileReference; lastKnownFileType = folder.assetcatalog; path = Assets.xcassets; sourceTree = "<group>"; };
		B270C20224D2D8CF00BA297D /* Base */ = {isa = PBXFileReference; lastKnownFileType = file.storyboard; name = Base; path = Base.lproj/LaunchScreen.storyboard; sourceTree = "<group>"; };
		B270C20424D2D8CF00BA297D /* Info.plist */ = {isa = PBXFileReference; lastKnownFileType = text.plist.xml; path = Info.plist; sourceTree = "<group>"; };
		B2B5C39425431EC500656FA9 /* Logic Puzzle.entitlements */ = {isa = PBXFileReference; lastKnownFileType = text.plist.entitlements; path = "Logic Puzzle.entitlements"; sourceTree = "<group>"; };
		B2B5C3962543205500656FA9 /* UIViewExtension.swift */ = {isa = PBXFileReference; lastKnownFileType = sourcecode.swift; path = UIViewExtension.swift; sourceTree = "<group>"; };
		B2C70BFB252CEF3900A4B2DD /* MainViewController.swift */ = {isa = PBXFileReference; lastKnownFileType = sourcecode.swift; path = MainViewController.swift; sourceTree = "<group>"; };
		B2E1F6312541AD91003DB4CF /* AIAttributedString.swift */ = {isa = PBXFileReference; fileEncoding = 4; lastKnownFileType = sourcecode.swift; path = AIAttributedString.swift; sourceTree = "<group>"; };
		B2E6F4A924D4280700CE1917 /* StringExtension.swift */ = {isa = PBXFileReference; lastKnownFileType = sourcecode.swift; path = StringExtension.swift; sourceTree = "<group>"; };
		B2F0DF872551550100E8E3B0 /* UIViewControllerExtension.swift */ = {isa = PBXFileReference; lastKnownFileType = sourcecode.swift; path = UIViewControllerExtension.swift; sourceTree = "<group>"; };
/* End PBXFileReference section */

/* Begin PBXFrameworksBuildPhase section */
		B270C1F024D2D8CE00BA297D /* Frameworks */ = {
			isa = PBXFrameworksBuildPhase;
			buildActionMask = 2147483647;
			files = (
				B2FEDF6525A8642F00EBD608 /* RxSwift in Frameworks */,
				B2FEDF6325A8642F00EBD608 /* RxCocoa in Frameworks */,
				B270C20C24D2EDBD00BA297D /* SnapKit in Frameworks */,
			);
			runOnlyForDeploymentPostprocessing = 0;
		};
/* End PBXFrameworksBuildPhase section */

/* Begin PBXGroup section */
		B2005F4924D819C200E829C7 /* Models */ = {
			isa = PBXGroup;
			children = (
				B2005F4A24D819D300E829C7 /* PuzzleModel.swift */,
			);
			path = Models;
			sourceTree = "<group>";
		};
		B210072B24DD698A003B3BC8 /* Helpers */ = {
			isa = PBXGroup;
			children = (
				B210072D24DD69BF003B3BC8 /* PuzzleLogic.swift */,
				B24E5D2925371F9E00C9F681 /* Enums.swift */,
			);
			path = Helpers;
			sourceTree = "<group>";
		};
		B210072C24DD69A7003B3BC8 /* Storyboard */ = {
			isa = PBXGroup;
			children = (
				B270C20124D2D8CF00BA297D /* LaunchScreen.storyboard */,
				B270C1FC24D2D8CE00BA297D /* Main.storyboard */,
			);
			path = Storyboard;
			sourceTree = "<group>";
		};
		B210072F24DD69E9003B3BC8 /* Main */ = {
			isa = PBXGroup;
			children = (
				B2C70BFB252CEF3900A4B2DD /* MainViewController.swift */,
				B26DBB2725A460110049A1B4 /* Puzzle Controller */,
			);
			path = Main;
			sourceTree = "<group>";
		};
		B26DBB2725A460110049A1B4 /* Puzzle Controller */ = {
			isa = PBXGroup;
			children = (
				B270C1FA24D2D8CE00BA297D /* PuzzleViewController.swift */,
				B26DBB2825A460390049A1B4 /* Winner Screen */,
				B26DBB2925A4604B0049A1B4 /* Settings Controller */,
			);
			path = "Puzzle Controller";
			sourceTree = "<group>";
		};
		B26DBB2825A460390049A1B4 /* Winner Screen */ = {
			isa = PBXGroup;
			children = (
				B20D34FA25503E55008DC09E /* WinnerScreenViewController.swift */,
			);
			path = "Winner Screen";
			sourceTree = "<group>";
		};
		B26DBB2925A4604B0049A1B4 /* Settings Controller */ = {
			isa = PBXGroup;
			children = (
				B26DBB2425A460090049A1B4 /* SettingsTableViewController.swift */,
			);
			path = "Settings Controller";
			sourceTree = "<group>";
		};
		B270C1EA24D2D8CE00BA297D = {
			isa = PBXGroup;
			children = (
				B270C1F524D2D8CE00BA297D /* Logic Puzzle */,
				B270C1F424D2D8CE00BA297D /* Products */,
			);
			sourceTree = "<group>";
		};
		B270C1F424D2D8CE00BA297D /* Products */ = {
			isa = PBXGroup;
			children = (
				B270C1F324D2D8CE00BA297D /* Logic Puzzle.app */,
			);
			name = Products;
			sourceTree = "<group>";
		};
		B270C1F524D2D8CE00BA297D /* Logic Puzzle */ = {
			isa = PBXGroup;
			children = (
				B2B5C39425431EC500656FA9 /* Logic Puzzle.entitlements */,
				B270C1FF24D2D8CF00BA297D /* Assets.xcassets */,
				B270C20424D2D8CF00BA297D /* Info.plist */,
				B270C1F624D2D8CE00BA297D /* AppDelegate.swift */,
				B270C1F824D2D8CE00BA297D /* SceneDelegate.swift */,
				B210072C24DD69A7003B3BC8 /* Storyboard */,
				B210072F24DD69E9003B3BC8 /* Main */,
				B210072B24DD698A003B3BC8 /* Helpers */,
				B2E1F62F2541AD82003DB4CF /* Libraries */,
				B2005F4924D819C200E829C7 /* Models */,
				B2E6F4A824D427DF00CE1917 /* Extensions */,
			);
			path = "Logic Puzzle";
			sourceTree = "<group>";
		};
		B2E1F62F2541AD82003DB4CF /* Libraries */ = {
			isa = PBXGroup;
			children = (
				B2E1F6302541AD91003DB4CF /* Attributed String */,
			);
			path = Libraries;
			sourceTree = "<group>";
		};
		B2E1F6302541AD91003DB4CF /* Attributed String */ = {
			isa = PBXGroup;
			children = (
				B2E1F6312541AD91003DB4CF /* AIAttributedString.swift */,
			);
			name = "Attributed String";
			path = "../../../fibler-ios/Fibler2/Resources/Libraries/Attributed String";
			sourceTree = "<group>";
		};
		B2E6F4A824D427DF00CE1917 /* Extensions */ = {
			isa = PBXGroup;
			children = (
				B2E6F4A924D4280700CE1917 /* StringExtension.swift */,
				B2005F4C24D81ECB00E829C7 /* ArrayExtension.swift */,
				B2B5C3962543205500656FA9 /* UIViewExtension.swift */,
				B2F0DF872551550100E8E3B0 /* UIViewControllerExtension.swift */,
				B26DBB2125A330320049A1B4 /* UIFont+Extension.swift */,
			);
			path = Extensions;
			sourceTree = "<group>";
		};
/* End PBXGroup section */

/* Begin PBXNativeTarget section */
		B270C1F224D2D8CE00BA297D /* Logic Puzzle */ = {
			isa = PBXNativeTarget;
			buildConfigurationList = B270C20724D2D8CF00BA297D /* Build configuration list for PBXNativeTarget "Logic Puzzle" */;
			buildPhases = (
				B270C1EF24D2D8CE00BA297D /* Sources */,
				B270C1F024D2D8CE00BA297D /* Frameworks */,
				B270C1F124D2D8CE00BA297D /* Resources */,
			);
			buildRules = (
			);
			dependencies = (
			);
			name = "Logic Puzzle";
			packageProductDependencies = (
				B270C20B24D2EDBD00BA297D /* SnapKit */,
				B2FEDF6225A8642F00EBD608 /* RxCocoa */,
				B2FEDF6425A8642F00EBD608 /* RxSwift */,
			);
			productName = "Logic Puzzle";
			productReference = B270C1F324D2D8CE00BA297D /* Logic Puzzle.app */;
			productType = "com.apple.product-type.application";
		};
/* End PBXNativeTarget section */

/* Begin PBXProject section */
		B270C1EB24D2D8CE00BA297D /* Project object */ = {
			isa = PBXProject;
			attributes = {
				LastSwiftUpdateCheck = 1160;
				LastUpgradeCheck = 1200;
				ORGANIZATIONNAME = "Johnny Owayed";
				TargetAttributes = {
					B270C1F224D2D8CE00BA297D = {
						CreatedOnToolsVersion = 11.6;
					};
				};
			};
			buildConfigurationList = B270C1EE24D2D8CE00BA297D /* Build configuration list for PBXProject "Logic Puzzle" */;
			compatibilityVersion = "Xcode 9.3";
			developmentRegion = en;
			hasScannedForEncodings = 0;
			knownRegions = (
				en,
				Base,
			);
			mainGroup = B270C1EA24D2D8CE00BA297D;
			packageReferences = (
				B270C20A24D2EDBD00BA297D /* XCRemoteSwiftPackageReference "SnapKit" */,
				B2FEDF6125A8642F00EBD608 /* XCRemoteSwiftPackageReference "RxSwift" */,
			);
			productRefGroup = B270C1F424D2D8CE00BA297D /* Products */;
			projectDirPath = "";
			projectRoot = "";
			targets = (
				B270C1F224D2D8CE00BA297D /* Logic Puzzle */,
			);
		};
/* End PBXProject section */

/* Begin PBXResourcesBuildPhase section */
		B270C1F124D2D8CE00BA297D /* Resources */ = {
			isa = PBXResourcesBuildPhase;
			buildActionMask = 2147483647;
			files = (
				B270C20324D2D8CF00BA297D /* LaunchScreen.storyboard in Resources */,
				B270C20024D2D8CF00BA297D /* Assets.xcassets in Resources */,
				B270C1FE24D2D8CE00BA297D /* Main.storyboard in Resources */,
			);
			runOnlyForDeploymentPostprocessing = 0;
		};
/* End PBXResourcesBuildPhase section */

/* Begin PBXSourcesBuildPhase section */
		B270C1EF24D2D8CE00BA297D /* Sources */ = {
			isa = PBXSourcesBuildPhase;
			buildActionMask = 2147483647;
			files = (
				B26DBB2225A330320049A1B4 /* UIFont+Extension.swift in Sources */,
				B2E6F4AA24D4280700CE1917 /* StringExtension.swift in Sources */,
				B2005F4D24D81ECB00E829C7 /* ArrayExtension.swift in Sources */,
				B2B5C3972543205500656FA9 /* UIViewExtension.swift in Sources */,
				B270C1FB24D2D8CE00BA297D /* PuzzleViewController.swift in Sources */,
				B210072E24DD69BF003B3BC8 /* PuzzleLogic.swift in Sources */,
				B2005F4B24D819D300E829C7 /* PuzzleModel.swift in Sources */,
				B270C1F724D2D8CE00BA297D /* AppDelegate.swift in Sources */,
				B270C1F924D2D8CE00BA297D /* SceneDelegate.swift in Sources */,
				B24E5D2A25371F9E00C9F681 /* Enums.swift in Sources */,
				B2F0DF882551550100E8E3B0 /* UIViewControllerExtension.swift in Sources */,
				B26DBB2525A460090049A1B4 /* SettingsTableViewController.swift in Sources */,
				B2E1F6322541AD91003DB4CF /* AIAttributedString.swift in Sources */,
				B2C70BFC252CEF3900A4B2DD /* MainViewController.swift in Sources */,
				B20D34FB25503E55008DC09E /* WinnerScreenViewController.swift in Sources */,
			);
			runOnlyForDeploymentPostprocessing = 0;
		};
/* End PBXSourcesBuildPhase section */

/* Begin PBXVariantGroup section */
		B270C1FC24D2D8CE00BA297D /* Main.storyboard */ = {
			isa = PBXVariantGroup;
			children = (
				B270C1FD24D2D8CE00BA297D /* Base */,
			);
			name = Main.storyboard;
			sourceTree = "<group>";
		};
		B270C20124D2D8CF00BA297D /* LaunchScreen.storyboard */ = {
			isa = PBXVariantGroup;
			children = (
				B270C20224D2D8CF00BA297D /* Base */,
			);
			name = LaunchScreen.storyboard;
			sourceTree = "<group>";
		};
/* End PBXVariantGroup section */

/* Begin XCBuildConfiguration section */
		B270C20524D2D8CF00BA297D /* Debug */ = {
			isa = XCBuildConfiguration;
			buildSettings = {
				ALWAYS_SEARCH_USER_PATHS = NO;
				CLANG_ANALYZER_NONNULL = YES;
				CLANG_ANALYZER_NUMBER_OBJECT_CONVERSION = YES_AGGRESSIVE;
				CLANG_CXX_LANGUAGE_STANDARD = "gnu++14";
				CLANG_CXX_LIBRARY = "libc++";
				CLANG_ENABLE_MODULES = YES;
				CLANG_ENABLE_OBJC_ARC = YES;
				CLANG_ENABLE_OBJC_WEAK = YES;
				CLANG_WARN_BLOCK_CAPTURE_AUTORELEASING = YES;
				CLANG_WARN_BOOL_CONVERSION = YES;
				CLANG_WARN_COMMA = YES;
				CLANG_WARN_CONSTANT_CONVERSION = YES;
				CLANG_WARN_DEPRECATED_OBJC_IMPLEMENTATIONS = YES;
				CLANG_WARN_DIRECT_OBJC_ISA_USAGE = YES_ERROR;
				CLANG_WARN_DOCUMENTATION_COMMENTS = YES;
				CLANG_WARN_EMPTY_BODY = YES;
				CLANG_WARN_ENUM_CONVERSION = YES;
				CLANG_WARN_INFINITE_RECURSION = YES;
				CLANG_WARN_INT_CONVERSION = YES;
				CLANG_WARN_NON_LITERAL_NULL_CONVERSION = YES;
				CLANG_WARN_OBJC_IMPLICIT_RETAIN_SELF = YES;
				CLANG_WARN_OBJC_LITERAL_CONVERSION = YES;
				CLANG_WARN_OBJC_ROOT_CLASS = YES_ERROR;
				CLANG_WARN_QUOTED_INCLUDE_IN_FRAMEWORK_HEADER = YES;
				CLANG_WARN_RANGE_LOOP_ANALYSIS = YES;
				CLANG_WARN_STRICT_PROTOTYPES = YES;
				CLANG_WARN_SUSPICIOUS_MOVE = YES;
				CLANG_WARN_UNGUARDED_AVAILABILITY = YES_AGGRESSIVE;
				CLANG_WARN_UNREACHABLE_CODE = YES;
				CLANG_WARN__DUPLICATE_METHOD_MATCH = YES;
				COPY_PHASE_STRIP = NO;
				DEBUG_INFORMATION_FORMAT = dwarf;
				ENABLE_STRICT_OBJC_MSGSEND = YES;
				ENABLE_TESTABILITY = YES;
				GCC_C_LANGUAGE_STANDARD = gnu11;
				GCC_DYNAMIC_NO_PIC = NO;
				GCC_NO_COMMON_BLOCKS = YES;
				GCC_OPTIMIZATION_LEVEL = 0;
				GCC_PREPROCESSOR_DEFINITIONS = (
					"DEBUG=1",
					"$(inherited)",
				);
				GCC_WARN_64_TO_32_BIT_CONVERSION = YES;
				GCC_WARN_ABOUT_RETURN_TYPE = YES_ERROR;
				GCC_WARN_UNDECLARED_SELECTOR = YES;
				GCC_WARN_UNINITIALIZED_AUTOS = YES_AGGRESSIVE;
				GCC_WARN_UNUSED_FUNCTION = YES;
				GCC_WARN_UNUSED_VARIABLE = YES;
				IPHONEOS_DEPLOYMENT_TARGET = 13.6;
				MTL_ENABLE_DEBUG_INFO = INCLUDE_SOURCE;
				MTL_FAST_MATH = YES;
				ONLY_ACTIVE_ARCH = YES;
				SDKROOT = iphoneos;
				SWIFT_ACTIVE_COMPILATION_CONDITIONS = DEBUG;
				SWIFT_OPTIMIZATION_LEVEL = "-Onone";
			};
			name = Debug;
		};
		B270C20624D2D8CF00BA297D /* Release */ = {
			isa = XCBuildConfiguration;
			buildSettings = {
				ALWAYS_SEARCH_USER_PATHS = NO;
				CLANG_ANALYZER_NONNULL = YES;
				CLANG_ANALYZER_NUMBER_OBJECT_CONVERSION = YES_AGGRESSIVE;
				CLANG_CXX_LANGUAGE_STANDARD = "gnu++14";
				CLANG_CXX_LIBRARY = "libc++";
				CLANG_ENABLE_MODULES = YES;
				CLANG_ENABLE_OBJC_ARC = YES;
				CLANG_ENABLE_OBJC_WEAK = YES;
				CLANG_WARN_BLOCK_CAPTURE_AUTORELEASING = YES;
				CLANG_WARN_BOOL_CONVERSION = YES;
				CLANG_WARN_COMMA = YES;
				CLANG_WARN_CONSTANT_CONVERSION = YES;
				CLANG_WARN_DEPRECATED_OBJC_IMPLEMENTATIONS = YES;
				CLANG_WARN_DIRECT_OBJC_ISA_USAGE = YES_ERROR;
				CLANG_WARN_DOCUMENTATION_COMMENTS = YES;
				CLANG_WARN_EMPTY_BODY = YES;
				CLANG_WARN_ENUM_CONVERSION = YES;
				CLANG_WARN_INFINITE_RECURSION = YES;
				CLANG_WARN_INT_CONVERSION = YES;
				CLANG_WARN_NON_LITERAL_NULL_CONVERSION = YES;
				CLANG_WARN_OBJC_IMPLICIT_RETAIN_SELF = YES;
				CLANG_WARN_OBJC_LITERAL_CONVERSION = YES;
				CLANG_WARN_OBJC_ROOT_CLASS = YES_ERROR;
				CLANG_WARN_QUOTED_INCLUDE_IN_FRAMEWORK_HEADER = YES;
				CLANG_WARN_RANGE_LOOP_ANALYSIS = YES;
				CLANG_WARN_STRICT_PROTOTYPES = YES;
				CLANG_WARN_SUSPICIOUS_MOVE = YES;
				CLANG_WARN_UNGUARDED_AVAILABILITY = YES_AGGRESSIVE;
				CLANG_WARN_UNREACHABLE_CODE = YES;
				CLANG_WARN__DUPLICATE_METHOD_MATCH = YES;
				COPY_PHASE_STRIP = NO;
				DEBUG_INFORMATION_FORMAT = "dwarf-with-dsym";
				ENABLE_NS_ASSERTIONS = NO;
				ENABLE_STRICT_OBJC_MSGSEND = YES;
				GCC_C_LANGUAGE_STANDARD = gnu11;
				GCC_NO_COMMON_BLOCKS = YES;
				GCC_WARN_64_TO_32_BIT_CONVERSION = YES;
				GCC_WARN_ABOUT_RETURN_TYPE = YES_ERROR;
				GCC_WARN_UNDECLARED_SELECTOR = YES;
				GCC_WARN_UNINITIALIZED_AUTOS = YES_AGGRESSIVE;
				GCC_WARN_UNUSED_FUNCTION = YES;
				GCC_WARN_UNUSED_VARIABLE = YES;
				IPHONEOS_DEPLOYMENT_TARGET = 13.6;
				MTL_ENABLE_DEBUG_INFO = NO;
				MTL_FAST_MATH = YES;
				SDKROOT = iphoneos;
				SWIFT_COMPILATION_MODE = wholemodule;
				SWIFT_OPTIMIZATION_LEVEL = "-O";
				VALIDATE_PRODUCT = YES;
			};
			name = Release;
		};
		B270C20824D2D8CF00BA297D /* Debug */ = {
			isa = XCBuildConfiguration;
			buildSettings = {
				ASSETCATALOG_COMPILER_APPICON_NAME = AppIcon;
				CODE_SIGN_ENTITLEMENTS = "Logic Puzzle/Logic Puzzle.entitlements";
				CODE_SIGN_STYLE = Automatic;
				DEVELOPMENT_TEAM = 392C6MFL8U;
				INFOPLIST_FILE = "Logic Puzzle/Info.plist";
				IPHONEOS_DEPLOYMENT_TARGET = 13.0;
				LD_RUNPATH_SEARCH_PATHS = (
					"$(inherited)",
					"@executable_path/Frameworks",
				);
				PRODUCT_BUNDLE_IDENTIFIER = "com.Logic-Puzzle";
				PRODUCT_NAME = "$(TARGET_NAME)";
				SUPPORTS_MACCATALYST = YES;
				SWIFT_VERSION = 5.0;
				TARGETED_DEVICE_FAMILY = "1,2";
			};
			name = Debug;
		};
		B270C20924D2D8CF00BA297D /* Release */ = {
			isa = XCBuildConfiguration;
			buildSettings = {
				ASSETCATALOG_COMPILER_APPICON_NAME = AppIcon;
				CODE_SIGN_ENTITLEMENTS = "Logic Puzzle/Logic Puzzle.entitlements";
				CODE_SIGN_STYLE = Automatic;
				DEVELOPMENT_TEAM = 392C6MFL8U;
				INFOPLIST_FILE = "Logic Puzzle/Info.plist";
				IPHONEOS_DEPLOYMENT_TARGET = 13.0;
				LD_RUNPATH_SEARCH_PATHS = (
					"$(inherited)",
					"@executable_path/Frameworks",
				);
				PRODUCT_BUNDLE_IDENTIFIER = "com.Logic-Puzzle";
				PRODUCT_NAME = "$(TARGET_NAME)";
				SUPPORTS_MACCATALYST = YES;
				SWIFT_VERSION = 5.0;
				TARGETED_DEVICE_FAMILY = "1,2";
			};
			name = Release;
		};
/* End XCBuildConfiguration section */

/* Begin XCConfigurationList section */
		B270C1EE24D2D8CE00BA297D /* Build configuration list for PBXProject "Logic Puzzle" */ = {
			isa = XCConfigurationList;
			buildConfigurations = (
				B270C20524D2D8CF00BA297D /* Debug */,
				B270C20624D2D8CF00BA297D /* Release */,
			);
			defaultConfigurationIsVisible = 0;
			defaultConfigurationName = Release;
		};
		B270C20724D2D8CF00BA297D /* Build configuration list for PBXNativeTarget "Logic Puzzle" */ = {
			isa = XCConfigurationList;
			buildConfigurations = (
				B270C20824D2D8CF00BA297D /* Debug */,
				B270C20924D2D8CF00BA297D /* Release */,
			);
			defaultConfigurationIsVisible = 0;
			defaultConfigurationName = Release;
		};
/* End XCConfigurationList section */

/* Begin XCRemoteSwiftPackageReference section */
		B270C20A24D2EDBD00BA297D /* XCRemoteSwiftPackageReference "SnapKit" */ = {
			isa = XCRemoteSwiftPackageReference;
			repositoryURL = "https://github.com/SnapKit/SnapKit.git";
			requirement = {
				kind = upToNextMajorVersion;
				minimumVersion = 5.0.1;
			};
		};
		B2FEDF6125A8642F00EBD608 /* XCRemoteSwiftPackageReference "RxSwift" */ = {
			isa = XCRemoteSwiftPackageReference;
			repositoryURL = "https://github.com/ReactiveX/RxSwift.git";
			requirement = {
				kind = upToNextMajorVersion;
				minimumVersion = 6.0.0;
			};
		};
/* End XCRemoteSwiftPackageReference section */

/* Begin XCSwiftPackageProductDependency section */
		B270C20B24D2EDBD00BA297D /* SnapKit */ = {
			isa = XCSwiftPackageProductDependency;
			package = B270C20A24D2EDBD00BA297D /* XCRemoteSwiftPackageReference "SnapKit" */;
			productName = SnapKit;
		};
		B2FEDF6225A8642F00EBD608 /* RxCocoa */ = {
			isa = XCSwiftPackageProductDependency;
			package = B2FEDF6125A8642F00EBD608 /* XCRemoteSwiftPackageReference "RxSwift" */;
			productName = RxCocoa;
		};
		B2FEDF6425A8642F00EBD608 /* RxSwift */ = {
			isa = XCSwiftPackageProductDependency;
			package = B2FEDF6125A8642F00EBD608 /* XCRemoteSwiftPackageReference "RxSwift" */;
			productName = RxSwift;
		};
/* End XCSwiftPackageProductDependency section */
	};
	rootObject = B270C1EB24D2D8CE00BA297D /* Project object */;
}
